github.com/gopi-frame/contract v0.0.0-20240628085022-04f690d0496f h1:eJfCljUzA6yvVfZ+ZO8uvGrd/D2sPUjKJtVCfTs6b5A=
github.com/gopi-frame/contract v0.0.0-20240628085022-04f690d0496f/go.mod h1:M2ifC/cM/ki1lAqe45W3UlXsCxDVR9U0+eyr/IJAP48=
github.com/gopi-frame/contract v0.0.0-20240717073359-73dc0b439bf7 h1:6FkMEI0Kp9CSN+2IApeWQTM5Sj0Lsg4brUksa9R3ZHE=
github.com/gopi-frame/contract v0.0.0-20240717073359-73dc0b439bf7/go.mod h1:M2ifC/cM/ki1lAqe45W3UlXsCxDVR9U0+eyr/IJAP48=
